
Microsoft Visual Studio Solution File, Format Version 12.00
# Visual Studio 15
VisualStudioVersion = 15.0.28010.2016
MinimumVisualStudioVersion = 10.0.40219.1
Project("{2150E333-8FDC-42A3-9474-1A3956D46DE8}") = "AndroidLibs", "AndroidLibs", "{00360036-FC37-42F1-9DB0-33235F7C6C4C}"
EndProject
Project("{8BC9CEB8-8B4A-11D0-8D11-00A0C91BC942}") = "sfml-activity", "androidLibs\sfml-activity\sfml-activity.vcxproj", "{A45788A9-C4D6-4C7E-8FA5-ED0C7F7E9D07}"
EndProject
Project("{8BC9CEB8-8B4A-11D0-8D11-00A0C91BC942}") = "sfml-audio", "androidLibs\sfml-audio\sfml-audio.vcxproj", "{E39CCBA4-A765-41F8-8733-5C86B1D57B17}"
EndProject
Project("{8BC9CEB8-8B4A-11D0-8D11-00A0C91BC942}") = "sfml-graphics", "androidLibs\sfml-graphics\sfml-graphics.vcxproj", "{0AE0AC99-CF64-4FA0-AD3C-26EB5A5F8501}"
EndProject
Project("{8BC9CEB8-8B4A-11D0-8D11-00A0C91BC942}") = "sfml-main", "androidLibs\sfml-main\sfml-main.vcxproj", "{218D7975-6234-4496-83CA-0A0E135628E3}"
EndProject
Project("{8BC9CEB8-8B4A-11D0-8D11-00A0C91BC942}") = "sfml-system", "androidLibs\sfml-system\sfml-system.vcxproj", "{41485657-E62C-4AF5-B6DF-511FAB3A11B5}"
EndProject
Project("{8BC9CEB8-8B4A-11D0-8D11-00A0C91BC942}") = "sfml-window", "androidLibs\sfml-window\sfml-window.vcxproj", "{5CFFE3EA-492B-4B5D-A62A-410223538B22}"
EndProject
Project("{2150E333-8FDC-42A3-9474-1A3956D46DE8}") = "Examples", "Examples", "{88837E9A-E4FA-4EB5-B151-B91DEDD7FAF8}"
EndProject
Project("{2150E333-8FDC-42A3-9474-1A3956D46DE8}") = "SFML_NExample", "SFML_NExample", "{299A463F-FEC7-44F5-B85D-C2842B196300}"
EndProject
Project("{39E2626F-3545-4960-A6E8-258AD8476CE5}") = "SFML_NExample.Packaging", "SFML_NExample\SFML_NExample.Packaging\SFML_NExample.Packaging.androidproj", "{4C111567-98BB-4E0E-AE19-BEC46AB83747}"
EndProject
Project("{8BC9CEB8-8B4A-11D0-8D11-00A0C91BC942}") = "SFML_NExample.NativeActivity", "SFML_NExample\SFML_NExample.NativeActivity\SFML_NExample.NativeActivity.vcxproj", "{13EA9007-B9D3-474E-A6B8-7ECA8E9BB734}"
EndProject
Global
	GlobalSection(SolutionConfigurationPlatforms) = preSolution
		Debug|ARM = Debug|ARM
		Debug|ARM64 = Debug|ARM64
		Debug|x64 = Debug|x64
		Debug|x86 = Debug|x86
		Release|ARM = Release|ARM
		Release|ARM64 = Release|ARM64
		Release|x64 = Release|x64
		Release|x86 = Release|x86
	EndGlobalSection
	GlobalSection(ProjectConfigurationPlatforms) = postSolution
		{A45788A9-C4D6-4C7E-8FA5-ED0C7F7E9D07}.Debug|ARM.ActiveCfg = Debug|ARM
		{A45788A9-C4D6-4C7E-8FA5-ED0C7F7E9D07}.Debug|ARM.Build.0 = Debug|ARM
		{A45788A9-C4D6-4C7E-8FA5-ED0C7F7E9D07}.Debug|ARM64.ActiveCfg = Debug|ARM64
		{A45788A9-C4D6-4C7E-8FA5-ED0C7F7E9D07}.Debug|ARM64.Build.0 = Debug|ARM64
		{A45788A9-C4D6-4C7E-8FA5-ED0C7F7E9D07}.Debug|x64.ActiveCfg = Debug|x64
		{A45788A9-C4D6-4C7E-8FA5-ED0C7F7E9D07}.Debug|x64.Build.0 = Debug|x64
		{A45788A9-C4D6-4C7E-8FA5-ED0C7F7E9D07}.Debug|x86.ActiveCfg = Debug|x86
		{A45788A9-C4D6-4C7E-8FA5-ED0C7F7E9D07}.Debug|x86.Build.0 = Debug|x86
		{A45788A9-C4D6-4C7E-8FA5-ED0C7F7E9D07}.Release|ARM.ActiveCfg = Release|ARM
		{A45788A9-C4D6-4C7E-8FA5-ED0C7F7E9D07}.Release|ARM.Build.0 = Release|ARM
		{A45788A9-C4D6-4C7E-8FA5-ED0C7F7E9D07}.Release|ARM64.ActiveCfg = Release|ARM64
		{A45788A9-C4D6-4C7E-8FA5-ED0C7F7E9D07}.Release|ARM64.Build.0 = Release|ARM64
		{A45788A9-C4D6-4C7E-8FA5-ED0C7F7E9D07}.Release|x64.ActiveCfg = Release|x64
		{A45788A9-C4D6-4C7E-8FA5-ED0C7F7E9D07}.Release|x64.Build.0 = Release|x64
		{A45788A9-C4D6-4C7E-8FA5-ED0C7F7E9D07}.Release|x86.ActiveCfg = Release|x86
		{A45788A9-C4D6-4C7E-8FA5-ED0C7F7E9D07}.Release|x86.Build.0 = Release|x86
		{E39CCBA4-A765-41F8-8733-5C86B1D57B17}.Debug|ARM.ActiveCfg = Debug|ARM
		{E39CCBA4-A765-41F8-8733-5C86B1D57B17}.Debug|ARM.Build.0 = Debug|ARM
		{E39CCBA4-A765-41F8-8733-5C86B1D57B17}.Debug|ARM64.ActiveCfg = Debug|ARM64
		{E39CCBA4-A765-41F8-8733-5C86B1D57B17}.Debug|ARM64.Build.0 = Debug|ARM64
		{E39CCBA4-A765-41F8-8733-5C86B1D57B17}.Debug|x64.ActiveCfg = Debug|x64
		{E39CCBA4-A765-41F8-8733-5C86B1D57B17}.Debug|x64.Build.0 = Debug|x64
		{E39CCBA4-A765-41F8-8733-5C86B1D57B17}.Debug|x86.ActiveCfg = Debug|x86
		{E39CCBA4-A765-41F8-8733-5C86B1D57B17}.Debug|x86.Build.0 = Debug|x86
		{E39CCBA4-A765-41F8-8733-5C86B1D57B17}.Release|ARM.ActiveCfg = Release|ARM
		{E39CCBA4-A765-41F8-8733-5C86B1D57B17}.Release|ARM.Build.0 = Release|ARM
		{E39CCBA4-A765-41F8-8733-5C86B1D57B17}.Release|ARM64.ActiveCfg = Release|ARM64
		{E39CCBA4-A765-41F8-8733-5C86B1D57B17}.Release|ARM64.Build.0 = Release|ARM64
		{E39CCBA4-A765-41F8-8733-5C86B1D57B17}.Release|x64.ActiveCfg = Release|x64
		{E39CCBA4-A765-41F8-8733-5C86B1D57B17}.Release|x64.Build.0 = Release|x64
		{E39CCBA4-A765-41F8-8733-5C86B1D57B17}.Release|x86.ActiveCfg = Release|x86
		{E39CCBA4-A765-41F8-8733-5C86B1D57B17}.Release|x86.Build.0 = Release|x86
		{0AE0AC99-CF64-4FA0-AD3C-26EB5A5F8501}.Debug|ARM.ActiveCfg = Debug|ARM
		{0AE0AC99-CF64-4FA0-AD3C-26EB5A5F8501}.Debug|ARM.Build.0 = Debug|ARM
		{0AE0AC99-CF64-4FA0-AD3C-26EB5A5F8501}.Debug|ARM64.ActiveCfg = Debug|ARM64
		{0AE0AC99-CF64-4FA0-AD3C-26EB5A5F8501}.Debug|ARM64.Build.0 = Debug|ARM64
		{0AE0AC99-CF64-4FA0-AD3C-26EB5A5F8501}.Debug|x64.ActiveCfg = Debug|x64
		{0AE0AC99-CF64-4FA0-AD3C-26EB5A5F8501}.Debug|x64.Build.0 = Debug|x64
		{0AE0AC99-CF64-4FA0-AD3C-26EB5A5F8501}.Debug|x86.ActiveCfg = Debug|x86
		{0AE0AC99-CF64-4FA0-AD3C-26EB5A5F8501}.Debug|x86.Build.0 = Debug|x86
		{0AE0AC99-CF64-4FA0-AD3C-26EB5A5F8501}.Release|ARM.ActiveCfg = Release|ARM
		{0AE0AC99-CF64-4FA0-AD3C-26EB5A5F8501}.Release|ARM.Build.0 = Release|ARM
		{0AE0AC99-CF64-4FA0-AD3C-26EB5A5F8501}.Release|ARM64.ActiveCfg = Release|ARM64
		{0AE0AC99-CF64-4FA0-AD3C-26EB5A5F8501}.Release|ARM64.Build.0 = Release|ARM64
		{0AE0AC99-CF64-4FA0-AD3C-26EB5A5F8501}.Release|x64.ActiveCfg = Release|x64
		{0AE0AC99-CF64-4FA0-AD3C-26EB5A5F8501}.Release|x64.Build.0 = Release|x64
		{0AE0AC99-CF64-4FA0-AD3C-26EB5A5F8501}.Release|x86.ActiveCfg = Release|x86
		{0AE0AC99-CF64-4FA0-AD3C-26EB5A5F8501}.Release|x86.Build.0 = Release|x86
		{218D7975-6234-4496-83CA-0A0E135628E3}.Debug|ARM.ActiveCfg = Debug|ARM
		{218D7975-6234-4496-83CA-0A0E135628E3}.Debug|ARM.Build.0 = Debug|ARM
		{218D7975-6234-4496-83CA-0A0E135628E3}.Debug|ARM64.ActiveCfg = Debug|ARM64
		{218D7975-6234-4496-83CA-0A0E135628E3}.Debug|ARM64.Build.0 = Debug|ARM64
		{218D7975-6234-4496-83CA-0A0E135628E3}.Debug|x64.ActiveCfg = Debug|x64
		{218D7975-6234-4496-83CA-0A0E135628E3}.Debug|x64.Build.0 = Debug|x64
		{218D7975-6234-4496-83CA-0A0E135628E3}.Debug|x86.ActiveCfg = Debug|x86
		{218D7975-6234-4496-83CA-0A0E135628E3}.Debug|x86.Build.0 = Debug|x86
		{218D7975-6234-4496-83CA-0A0E135628E3}.Release|ARM.ActiveCfg = Release|ARM
		{218D7975-6234-4496-83CA-0A0E135628E3}.Release|ARM.Build.0 = Release|ARM
		{218D7975-6234-4496-83CA-0A0E135628E3}.Release|ARM64.ActiveCfg = Release|ARM64
		{218D7975-6234-4496-83CA-0A0E135628E3}.Release|ARM64.Build.0 = Release|ARM64
		{218D7975-6234-4496-83CA-0A0E135628E3}.Release|x64.ActiveCfg = Release|x64
		{218D7975-6234-4496-83CA-0A0E135628E3}.Release|x64.Build.0 = Release|x64
		{218D7975-6234-4496-83CA-0A0E135628E3}.Release|x86.ActiveCfg = Release|x86
		{218D7975-6234-4496-83CA-0A0E135628E3}.Release|x86.Build.0 = Release|x86
		{41485657-E62C-4AF5-B6DF-511FAB3A11B5}.Debug|ARM.ActiveCfg = Debug|ARM
		{41485657-E62C-4AF5-B6DF-511FAB3A11B5}.Debug|ARM.Build.0 = Debug|ARM
		{41485657-E62C-4AF5-B6DF-511FAB3A11B5}.Debug|ARM64.ActiveCfg = Debug|ARM64
		{41485657-E62C-4AF5-B6DF-511FAB3A11B5}.Debug|ARM64.Build.0 = Debug|ARM64
		{41485657-E62C-4AF5-B6DF-511FAB3A11B5}.Debug|x64.ActiveCfg = Debug|x64
		{41485657-E62C-4AF5-B6DF-511FAB3A11B5}.Debug|x64.Build.0 = Debug|x64
		{41485657-E62C-4AF5-B6DF-511FAB3A11B5}.Debug|x86.ActiveCfg = Debug|x86
		{41485657-E62C-4AF5-B6DF-511FAB3A11B5}.Debug|x86.Build.0 = Debug|x86
		{41485657-E62C-4AF5-B6DF-511FAB3A11B5}.Release|ARM.ActiveCfg = Release|ARM
		{41485657-E62C-4AF5-B6DF-511FAB3A11B5}.Release|ARM.Build.0 = Release|ARM
		{41485657-E62C-4AF5-B6DF-511FAB3A11B5}.Release|ARM64.ActiveCfg = Release|ARM64
		{41485657-E62C-4AF5-B6DF-511FAB3A11B5}.Release|ARM64.Build.0 = Release|ARM64
		{41485657-E62C-4AF5-B6DF-511FAB3A11B5}.Release|x64.ActiveCfg = Release|x64
		{41485657-E62C-4AF5-B6DF-511FAB3A11B5}.Release|x64.Build.0 = Release|x64
		{41485657-E62C-4AF5-B6DF-511FAB3A11B5}.Release|x86.ActiveCfg = Release|x86
		{41485657-E62C-4AF5-B6DF-511FAB3A11B5}.Release|x86.Build.0 = Release|x86
		{5CFFE3EA-492B-4B5D-A62A-410223538B22}.Debug|ARM.ActiveCfg = Debug|ARM
		{5CFFE3EA-492B-4B5D-A62A-410223538B22}.Debug|ARM.Build.0 = Debug|ARM
		{5CFFE3EA-492B-4B5D-A62A-410223538B22}.Debug|ARM64.ActiveCfg = Debug|ARM64
		{5CFFE3EA-492B-4B5D-A62A-410223538B22}.Debug|ARM64.Build.0 = Debug|ARM64
		{5CFFE3EA-492B-4B5D-A62A-410223538B22}.Debug|x64.ActiveCfg = Debug|x64
		{5CFFE3EA-492B-4B5D-A62A-410223538B22}.Debug|x64.Build.0 = Debug|x64
		{5CFFE3EA-492B-4B5D-A62A-410223538B22}.Debug|x86.ActiveCfg = Debug|x86
		{5CFFE3EA-492B-4B5D-A62A-410223538B22}.Debug|x86.Build.0 = Debug|x86
		{5CFFE3EA-492B-4B5D-A62A-410223538B22}.Release|ARM.ActiveCfg = Release|ARM
		{5CFFE3EA-492B-4B5D-A62A-410223538B22}.Release|ARM.Build.0 = Release|ARM
		{5CFFE3EA-492B-4B5D-A62A-410223538B22}.Release|ARM64.ActiveCfg = Release|ARM64
		{5CFFE3EA-492B-4B5D-A62A-410223538B22}.Release|ARM64.Build.0 = Release|ARM64
		{5CFFE3EA-492B-4B5D-A62A-410223538B22}.Release|x64.ActiveCfg = Release|x64
		{5CFFE3EA-492B-4B5D-A62A-410223538B22}.Release|x64.Build.0 = Release|x64
		{5CFFE3EA-492B-4B5D-A62A-410223538B22}.Release|x86.ActiveCfg = Release|x86
		{5CFFE3EA-492B-4B5D-A62A-410223538B22}.Release|x86.Build.0 = Release|x86
		{4C111567-98BB-4E0E-AE19-BEC46AB83747}.Debug|ARM.ActiveCfg = Debug|ARM
		{4C111567-98BB-4E0E-AE19-BEC46AB83747}.Debug|ARM.Build.0 = Debug|ARM
		{4C111567-98BB-4E0E-AE19-BEC46AB83747}.Debug|ARM.Deploy.0 = Debug|ARM
		{4C111567-98BB-4E0E-AE19-BEC46AB83747}.Debug|ARM64.ActiveCfg = Debug|ARM64
		{4C111567-98BB-4E0E-AE19-BEC46AB83747}.Debug|ARM64.Build.0 = Debug|ARM64
		{4C111567-98BB-4E0E-AE19-BEC46AB83747}.Debug|ARM64.Deploy.0 = Debug|ARM64
		{4C111567-98BB-4E0E-AE19-BEC46AB83747}.Debug|x64.ActiveCfg = Debug|x64
		{4C111567-98BB-4E0E-AE19-BEC46AB83747}.Debug|x64.Build.0 = Debug|x64
		{4C111567-98BB-4E0E-AE19-BEC46AB83747}.Debug|x64.Deploy.0 = Debug|x64
		{4C111567-98BB-4E0E-AE19-BEC46AB83747}.Debug|x86.ActiveCfg = Debug|x86
		{4C111567-98BB-4E0E-AE19-BEC46AB83747}.Debug|x86.Build.0 = Debug|x86
		{4C111567-98BB-4E0E-AE19-BEC46AB83747}.Debug|x86.Deploy.0 = Debug|x86
		{4C111567-98BB-4E0E-AE19-BEC46AB83747}.Release|ARM.ActiveCfg = Release|ARM
		{4C111567-98BB-4E0E-AE19-BEC46AB83747}.Release|ARM.Build.0 = Release|ARM
		{4C111567-98BB-4E0E-AE19-BEC46AB83747}.Release|ARM.Deploy.0 = Release|ARM
		{4C111567-98BB-4E0E-AE19-BEC46AB83747}.Release|ARM64.ActiveCfg = Release|ARM64
		{4C111567-98BB-4E0E-AE19-BEC46AB83747}.Release|ARM64.Build.0 = Release|ARM64
		{4C111567-98BB-4E0E-AE19-BEC46AB83747}.Release|ARM64.Deploy.0 = Release|ARM64
		{4C111567-98BB-4E0E-AE19-BEC46AB83747}.Release|x64.ActiveCfg = Release|x64
		{4C111567-98BB-4E0E-AE19-BEC46AB83747}.Release|x64.Build.0 = Release|x64
		{4C111567-98BB-4E0E-AE19-BEC46AB83747}.Release|x64.Deploy.0 = Release|x64
		{4C111567-98BB-4E0E-AE19-BEC46AB83747}.Release|x86.ActiveCfg = Release|x86
		{4C111567-98BB-4E0E-AE19-BEC46AB83747}.Release|x86.Build.0 = Release|x86
		{4C111567-98BB-4E0E-AE19-BEC46AB83747}.Release|x86.Deploy.0 = Release|x86
		{13EA9007-B9D3-474E-A6B8-7ECA8E9BB734}.Debug|ARM.ActiveCfg = Debug|ARM
		{13EA9007-B9D3-474E-A6B8-7ECA8E9BB734}.Debug|ARM.Build.0 = Debug|ARM
		{13EA9007-B9D3-474E-A6B8-7ECA8E9BB734}.Debug|ARM64.ActiveCfg = Debug|ARM64
		{13EA9007-B9D3-474E-A6B8-7ECA8E9BB734}.Debug|ARM64.Build.0 = Debug|ARM64
		{13EA9007-B9D3-474E-A6B8-7ECA8E9BB734}.Debug|x64.ActiveCfg = Debug|x64
		{13EA9007-B9D3-474E-A6B8-7ECA8E9BB734}.Debug|x64.Build.0 = Debug|x64
		{13EA9007-B9D3-474E-A6B8-7ECA8E9BB734}.Debug|x86.ActiveCfg = Debug|x86
		{13EA9007-B9D3-474E-A6B8-7ECA8E9BB734}.Debug|x86.Build.0 = Debug|x86
		{13EA9007-B9D3-474E-A6B8-7ECA8E9BB734}.Release|ARM.ActiveCfg = Release|ARM
		{13EA9007-B9D3-474E-A6B8-7ECA8E9BB734}.Release|ARM.Build.0 = Release|ARM
		{13EA9007-B9D3-474E-A6B8-7ECA8E9BB734}.Release|ARM64.ActiveCfg = Release|ARM64
		{13EA9007-B9D3-474E-A6B8-7ECA8E9BB734}.Release|ARM64.Build.0 = Release|ARM64
		{13EA9007-B9D3-474E-A6B8-7ECA8E9BB734}.Release|x64.ActiveCfg = Release|x64
		{13EA9007-B9D3-474E-A6B8-7ECA8E9BB734}.Release|x64.Build.0 = Release|x64
		{13EA9007-B9D3-474E-A6B8-7ECA8E9BB734}.Release|x86.ActiveCfg = Release|x86
		{13EA9007-B9D3-474E-A6B8-7ECA8E9BB734}.Release|x86.Build.0 = Release|x86
	EndGlobalSection
	GlobalSection(SolutionProperties) = preSolution
		HideSolutionNode = FALSE
	EndGlobalSection
	GlobalSection(NestedProjects) = preSolution
		{A45788A9-C4D6-4C7E-8FA5-ED0C7F7E9D07} = {00360036-FC37-42F1-9DB0-33235F7C6C4C}
		{E39CCBA4-A765-41F8-8733-5C86B1D57B17} = {00360036-FC37-42F1-9DB0-33235F7C6C4C}
		{0AE0AC99-CF64-4FA0-AD3C-26EB5A5F8501} = {00360036-FC37-42F1-9DB0-33235F7C6C4C}
		{218D7975-6234-4496-83CA-0A0E135628E3} = {00360036-FC37-42F1-9DB0-33235F7C6C4C}
		{41485657-E62C-4AF5-B6DF-511FAB3A11B5} = {00360036-FC37-42F1-9DB0-33235F7C6C4C}
		{5CFFE3EA-492B-4B5D-A62A-410223538B22} = {00360036-FC37-42F1-9DB0-33235F7C6C4C}
		{299A463F-FEC7-44F5-B85D-C2842B196300} = {88837E9A-E4FA-4EB5-B151-B91DEDD7FAF8}
		{4C111567-98BB-4E0E-AE19-BEC46AB83747} = {299A463F-FEC7-44F5-B85D-C2842B196300}
		{13EA9007-B9D3-474E-A6B8-7ECA8E9BB734} = {299A463F-FEC7-44F5-B85D-C2842B196300}
	EndGlobalSection
	GlobalSection(ExtensibilityGlobals) = postSolution
		SolutionGuid = {4B69A6B4-99E9-41A6-A04B-D69EA97B8E9E}
	EndGlobalSection
EndGlobal
